
Microsoft Visual Studio Solution File, Format Version 12.00
# Visual Studio Version 17
VisualStudioVersion = 17.8.34525.116
MinimumVisualStudioVersion = 10.0.40219.1
Project("{888888A0-9F3D-457C-B088-3A5042F75D52}") = "bookCipherAutomated2Decode", "bookCipherAutomated2Decode\bookCipherAutomated2Decode.pyproj", "{062AFE6A-6D72-4C0E-B727-B5B1BE377E11}"
EndProject
Global
	GlobalSection(SolutionConfigurationPlatforms) = preSolution
		Debug|Any CPU = Debug|Any CPU
		Release|Any CPU = Release|Any CPU
	EndGlobalSection
	GlobalSection(ProjectConfigurationPlatforms) = postSolution
		{062AFE6A-6D72-4C0E-B727-B5B1BE377E11}.Debug|Any CPU.ActiveCfg = Debug|Any CPU
		{062AFE6A-6D72-4C0E-B727-B5B1BE377E11}.Release|Any CPU.ActiveCfg = Release|Any CPU
	EndGlobalSection
	GlobalSection(SolutionProperties) = preSolution
		HideSolutionNode = FALSE
	EndGlobalSection
	GlobalSection(ExtensibilityGlobals) = postSolution
		SolutionGuid = {A8A0C962-4EEC-4ED3-B4D7-03D5A3B5F40B}
	EndGlobalSection
EndGlobal
